
Microsoft Visual Studio Solution File, Format Version 12.00
# Visual Studio Version 16
VisualStudioVersion = 16.0.31005.135
MinimumVisualStudioVersion = 10.0.40219.1
Project("{8BC9CEB8-8B4A-11D0-8D11-00A0C91BC942}") = "CA2", "CA2.vcxproj", "{3BC62021-3383-468D-AFD8-3DC586B00CE0}"
EndProject
Global
	GlobalSection(SolutionConfigurationPlatforms) = preSolution
		Debug|x64 = Debug|x64
		Debug|x86 = Debug|x86
		Release|x64 = Release|x64
		Release|x86 = Release|x86
	EndGlobalSection
	GlobalSection(ProjectConfigurationPlatforms) = postSolution
		{3BC62021-3383-468D-AFD8-3DC586B00CE0}.Debug|x64.ActiveCfg = Debug|x64
		{3BC62021-3383-468D-AFD8-3DC586B00CE0}.Debug|x64.Build.0 = Debug|x64
		{3BC62021-3383-468D-AFD8-3DC586B00CE0}.Debug|x86.ActiveCfg = Debug|Win32
		{3BC62021-3383-468D-AFD8-3DC586B00CE0}.Debug|x86.Build.0 = Debug|Win32
		{3BC62021-3383-468D-AFD8-3DC586B00CE0}.Release|x64.ActiveCfg = Release|x64
		{3BC62021-3383-468D-AFD8-3DC586B00CE0}.Release|x64.Build.0 = Release|x64
		{3BC62021-3383-468D-AFD8-3DC586B00CE0}.Release|x86.ActiveCfg = Release|Win32
		{3BC62021-3383-468D-AFD8-3DC586B00CE0}.Release|x86.Build.0 = Release|Win32
	EndGlobalSection
	GlobalSection(SolutionProperties) = preSolution
		HideSolutionNode = FALSE
	EndGlobalSection
	GlobalSection(ExtensibilityGlobals) = postSolution
		SolutionGuid = {2817FF95-4990-4930-B991-C4C933E0C982}
	EndGlobalSection
EndGlobal
